
Microsoft Visual Studio Solution File, Format Version 12.00
# Visual Studio Version 16
VisualStudioVersion = 16.0.33927.289
MinimumVisualStudioVersion = 10.0.40219.1
Project("{2150E333-8FDC-42A3-9474-1A3956D46DE8}") = "Task0", "Task0", "{821B6A65-BFA8-48D3-9991-2362A8CEF3CA}"
EndProject
Project("{FAE04EC0-301F-11D3-BF4B-00C04F79EFBC}") = "Tyuiu.IvanchikovDA.Sprint5.Task0.V23", "Tyuiu.IvanchikovDA.Sprint5.Task0.V23\Tyuiu.IvanchikovDA.Sprint5.Task0.V23.csproj", "{1C1E67C9-A1FD-4E10-82B5-0B8E182F3A5C}"
EndProject
Project("{FAE04EC0-301F-11D3-BF4B-00C04F79EFBC}") = "Tyuiu.IvanchikovDA.Sprint5.Task0.V23.Lib", "Tyuiu.IvanchikovDA.Sprint5.Task0.V23.Lib\Tyuiu.IvanchikovDA.Sprint5.Task0.V23.Lib.csproj", "{85EE1DD7-3415-4F56-B35F-E1E0D82A92A8}"
EndProject
Project("{FAE04EC0-301F-11D3-BF4B-00C04F79EFBC}") = "Tyuiu.IvanchikovDA.Sprint5.Task0.V23.Test", "Tyuiu.IvanchikovDA.Sprint5.Task0.V23.Test\Tyuiu.IvanchikovDA.Sprint5.Task0.V23.Test.csproj", "{4A1AEFA4-1E82-45C8-BF5B-726A74A640E8}"
EndProject
Project("{2150E333-8FDC-42A3-9474-1A3956D46DE8}") = "Task1", "Task1", "{8C7648D8-7F44-4895-953A-CA8DC5F68D71}"
EndProject
Project("{FAE04EC0-301F-11D3-BF4B-00C04F79EFBC}") = "Tyuiu.IvanchikovDA.Sprint5.Task1.V26", "Tyuiu.IvanchikovDA.Sprint5.Task1.V26\Tyuiu.IvanchikovDA.Sprint5.Task1.V26.csproj", "{936B7DC2-74EC-4024-AFCC-E9F674FEE95D}"
EndProject
Project("{FAE04EC0-301F-11D3-BF4B-00C04F79EFBC}") = "Tyuiu.IvanchikovDA.Sprint5.Task1.V26.Lib", "Tyuiu.IvanchikovDA.Sprint5.Task1.V26.Lib\Tyuiu.IvanchikovDA.Sprint5.Task1.V26.Lib.csproj", "{7F3E36F0-112E-470D-AE5D-8C2EA6DE2368}"
EndProject
Project("{FAE04EC0-301F-11D3-BF4B-00C04F79EFBC}") = "Tyuiu.IvanchikovDA.Sprint5.Task1.V26.Test", "Tyuiu.IvanchikovDA.Sprint5.Task1.V26.Test\Tyuiu.IvanchikovDA.Sprint5.Task1.V26.Test.csproj", "{991F81C2-9904-47F9-A722-0BDF44A610D9}"
EndProject
Global
	GlobalSection(SolutionConfigurationPlatforms) = preSolution
		Debug|Any CPU = Debug|Any CPU
		Release|Any CPU = Release|Any CPU
	EndGlobalSection
	GlobalSection(ProjectConfigurationPlatforms) = postSolution
		{1C1E67C9-A1FD-4E10-82B5-0B8E182F3A5C}.Debug|Any CPU.ActiveCfg = Debug|Any CPU
		{1C1E67C9-A1FD-4E10-82B5-0B8E182F3A5C}.Debug|Any CPU.Build.0 = Debug|Any CPU
		{1C1E67C9-A1FD-4E10-82B5-0B8E182F3A5C}.Release|Any CPU.ActiveCfg = Release|Any CPU
		{1C1E67C9-A1FD-4E10-82B5-0B8E182F3A5C}.Release|Any CPU.Build.0 = Release|Any CPU
		{85EE1DD7-3415-4F56-B35F-E1E0D82A92A8}.Debug|Any CPU.ActiveCfg = Debug|Any CPU
		{85EE1DD7-3415-4F56-B35F-E1E0D82A92A8}.Debug|Any CPU.Build.0 = Debug|Any CPU
		{85EE1DD7-3415-4F56-B35F-E1E0D82A92A8}.Release|Any CPU.ActiveCfg = Release|Any CPU
		{85EE1DD7-3415-4F56-B35F-E1E0D82A92A8}.Release|Any CPU.Build.0 = Release|Any CPU
		{4A1AEFA4-1E82-45C8-BF5B-726A74A640E8}.Debug|Any CPU.ActiveCfg = Debug|Any CPU
		{4A1AEFA4-1E82-45C8-BF5B-726A74A640E8}.Debug|Any CPU.Build.0 = Debug|Any CPU
		{4A1AEFA4-1E82-45C8-BF5B-726A74A640E8}.Release|Any CPU.ActiveCfg = Release|Any CPU
		{4A1AEFA4-1E82-45C8-BF5B-726A74A640E8}.Release|Any CPU.Build.0 = Release|Any CPU
		{936B7DC2-74EC-4024-AFCC-E9F674FEE95D}.Debug|Any CPU.ActiveCfg = Debug|Any CPU
		{936B7DC2-74EC-4024-AFCC-E9F674FEE95D}.Debug|Any CPU.Build.0 = Debug|Any CPU
		{936B7DC2-74EC-4024-AFCC-E9F674FEE95D}.Release|Any CPU.ActiveCfg = Release|Any CPU
		{936B7DC2-74EC-4024-AFCC-E9F674FEE95D}.Release|Any CPU.Build.0 = Release|Any CPU
		{7F3E36F0-112E-470D-AE5D-8C2EA6DE2368}.Debug|Any CPU.ActiveCfg = Debug|Any CPU
		{7F3E36F0-112E-470D-AE5D-8C2EA6DE2368}.Debug|Any CPU.Build.0 = Debug|Any CPU
		{7F3E36F0-112E-470D-AE5D-8C2EA6DE2368}.Release|Any CPU.ActiveCfg = Release|Any CPU
		{7F3E36F0-112E-470D-AE5D-8C2EA6DE2368}.Release|Any CPU.Build.0 = Release|Any CPU
		{991F81C2-9904-47F9-A722-0BDF44A610D9}.Debug|Any CPU.ActiveCfg = Debug|Any CPU
		{991F81C2-9904-47F9-A722-0BDF44A610D9}.Debug|Any CPU.Build.0 = Debug|Any CPU
		{991F81C2-9904-47F9-A722-0BDF44A610D9}.Release|Any CPU.ActiveCfg = Release|Any CPU
		{991F81C2-9904-47F9-A722-0BDF44A610D9}.Release|Any CPU.Build.0 = Release|Any CPU
	EndGlobalSection
	GlobalSection(SolutionProperties) = preSolution
		HideSolutionNode = FALSE
	EndGlobalSection
	GlobalSection(NestedProjects) = preSolution
		{1C1E67C9-A1FD-4E10-82B5-0B8E182F3A5C} = {821B6A65-BFA8-48D3-9991-2362A8CEF3CA}
		{85EE1DD7-3415-4F56-B35F-E1E0D82A92A8} = {821B6A65-BFA8-48D3-9991-2362A8CEF3CA}
		{4A1AEFA4-1E82-45C8-BF5B-726A74A640E8} = {821B6A65-BFA8-48D3-9991-2362A8CEF3CA}
		{936B7DC2-74EC-4024-AFCC-E9F674FEE95D} = {8C7648D8-7F44-4895-953A-CA8DC5F68D71}
		{7F3E36F0-112E-470D-AE5D-8C2EA6DE2368} = {8C7648D8-7F44-4895-953A-CA8DC5F68D71}
		{991F81C2-9904-47F9-A722-0BDF44A610D9} = {8C7648D8-7F44-4895-953A-CA8DC5F68D71}
	EndGlobalSection
	GlobalSection(ExtensibilityGlobals) = postSolution
		SolutionGuid = {FB69C36A-2108-4666-B115-82E217E63A6A}
	EndGlobalSection
EndGlobal
