
Microsoft Visual Studio Solution File, Format Version 12.00
# Visual Studio Version 16
VisualStudioVersion = 16.0.33927.289
MinimumVisualStudioVersion = 10.0.40219.1
Project("{2150E333-8FDC-42A3-9474-1A3956D46DE8}") = "Task0", "Task0", "{821B6A65-BFA8-48D3-9991-2362A8CEF3CA}"
EndProject
Project("{FAE04EC0-301F-11D3-BF4B-00C04F79EFBC}") = "Tyuiu.IvanchikovDA.Sprint5.Task0.V23", "Tyuiu.IvanchikovDA.Sprint5.Task0.V23\Tyuiu.IvanchikovDA.Sprint5.Task0.V23.csproj", "{1C1E67C9-A1FD-4E10-82B5-0B8E182F3A5C}"
EndProject
Project("{FAE04EC0-301F-11D3-BF4B-00C04F79EFBC}") = "Tyuiu.IvanchikovDA.Sprint5.Task0.V23.Lib", "Tyuiu.IvanchikovDA.Sprint5.Task0.V23.Lib\Tyuiu.IvanchikovDA.Sprint5.Task0.V23.Lib.csproj", "{85EE1DD7-3415-4F56-B35F-E1E0D82A92A8}"
EndProject
Project("{FAE04EC0-301F-11D3-BF4B-00C04F79EFBC}") = "Tyuiu.IvanchikovDA.Sprint5.Task0.V23.Test", "Tyuiu.IvanchikovDA.Sprint5.Task0.V23.Test\Tyuiu.IvanchikovDA.Sprint5.Task0.V23.Test.csproj", "{4A1AEFA4-1E82-45C8-BF5B-726A74A640E8}"
EndProject
Project("{2150E333-8FDC-42A3-9474-1A3956D46DE8}") = "Task1", "Task1", "{8C7648D8-7F44-4895-953A-CA8DC5F68D71}"
EndProject
Project("{FAE04EC0-301F-11D3-BF4B-00C04F79EFBC}") = "Tyuiu.IvanchikovDA.Sprint5.Task1.V26", "Tyuiu.IvanchikovDA.Sprint5.Task1.V26\Tyuiu.IvanchikovDA.Sprint5.Task1.V26.csproj", "{936B7DC2-74EC-4024-AFCC-E9F674FEE95D}"
EndProject
Project("{FAE04EC0-301F-11D3-BF4B-00C04F79EFBC}") = "Tyuiu.IvanchikovDA.Sprint5.Task1.V26.Lib", "Tyuiu.IvanchikovDA.Sprint5.Task1.V26.Lib\Tyuiu.IvanchikovDA.Sprint5.Task1.V26.Lib.csproj", "{7F3E36F0-112E-470D-AE5D-8C2EA6DE2368}"
EndProject
Project("{FAE04EC0-301F-11D3-BF4B-00C04F79EFBC}") = "Tyuiu.IvanchikovDA.Sprint5.Task1.V26.Test", "Tyuiu.IvanchikovDA.Sprint5.Task1.V26.Test\Tyuiu.IvanchikovDA.Sprint5.Task1.V26.Test.csproj", "{991F81C2-9904-47F9-A722-0BDF44A610D9}"
EndProject
Project("{2150E333-8FDC-42A3-9474-1A3956D46DE8}") = "Task2", "Task2", "{5D38B9A8-5925-41AB-B45B-4473F5B0D43F}"
EndProject
Project("{FAE04EC0-301F-11D3-BF4B-00C04F79EFBC}") = "Tyuiu.IvanchikovDA.Sprint5.Task2.V19", "Tyuiu.IvanchikovDA.Sprint5.Task2.V19\Tyuiu.IvanchikovDA.Sprint5.Task2.V19.csproj", "{CEC02E64-91AD-4261-96F2-A87D47768AED}"
EndProject
Project("{FAE04EC0-301F-11D3-BF4B-00C04F79EFBC}") = "Tyuiu.IvanchikovDA.Sprint5.Task2.V19.Lib", "Tyuiu.IvanchikovDA.Sprint5.Task2.V19.Lib\Tyuiu.IvanchikovDA.Sprint5.Task2.V19.Lib.csproj", "{64A09D88-C238-49D3-8665-3626E7BCCD61}"
EndProject
Project("{FAE04EC0-301F-11D3-BF4B-00C04F79EFBC}") = "Tyuiu.IvanchikovDA.Sprint5.Task2.V19.Test", "Tyuiu.IvanchikovDA.Sprint5.Task2.V19.Test\Tyuiu.IvanchikovDA.Sprint5.Task2.V19.Test.csproj", "{64C22DA8-CEB8-4684-9B9F-EE5E148565FB}"
EndProject
Project("{2150E333-8FDC-42A3-9474-1A3956D46DE8}") = "Task3", "Task3", "{50ABABF2-26CC-4F69-A2B4-BEAA7BE2BAB8}"
EndProject
Project("{FAE04EC0-301F-11D3-BF4B-00C04F79EFBC}") = "Tyuiu.IvanchikovDA.Sprint5.Task3.V5", "Tyuiu.IvanchikovDA.Sprint5.Task3.V5\Tyuiu.IvanchikovDA.Sprint5.Task3.V5.csproj", "{12CD03B6-F5DE-406A-8BCE-49C091E564EB}"
EndProject
Project("{FAE04EC0-301F-11D3-BF4B-00C04F79EFBC}") = "Tyuiu.IvanchikovDA.Sprint5.Task3.V5.Lib", "Tyuiu.IvanchikovDA.Sprint5.Task3.V5.Lib\Tyuiu.IvanchikovDA.Sprint5.Task3.V5.Lib.csproj", "{96AA4043-CC42-42AF-B567-64BE3668D025}"
EndProject
Project("{FAE04EC0-301F-11D3-BF4B-00C04F79EFBC}") = "Tyuiu.IvanchikovDA.Sprint5.Task3.V5.Test", "Tyuiu.IvanchikovDA.Sprint5.Task3.V5.Test\Tyuiu.IvanchikovDA.Sprint5.Task3.V5.Test.csproj", "{316DBE67-96B2-4F80-AB8C-840CEE8CA501}"
EndProject
Project("{2150E333-8FDC-42A3-9474-1A3956D46DE8}") = "Task4", "Task4", "{99A2F585-0728-48AA-A18A-E833E899DA9F}"
EndProject
Project("{FAE04EC0-301F-11D3-BF4B-00C04F79EFBC}") = "Tyuiu.IvanchikovDA.Sprint5.Task4.V30", "Tyuiu.IvanchikovDA.Sprint5.Task4.V30\Tyuiu.IvanchikovDA.Sprint5.Task4.V30.csproj", "{48EF0BA2-9E5A-4A5D-A17D-A61E58CED62C}"
EndProject
Project("{FAE04EC0-301F-11D3-BF4B-00C04F79EFBC}") = "Tyuiu.IvanchikovDA.Sprint5.Task4.V30.Lib", "Tyuiu.IvanchikovDA.Sprint5.Task4.V30.Lib\Tyuiu.IvanchikovDA.Sprint5.Task4.V30.Lib.csproj", "{2A6CE54B-ECB9-44B7-AA95-F0A252BCACE7}"
EndProject
Project("{FAE04EC0-301F-11D3-BF4B-00C04F79EFBC}") = "Tyuiu.IvanchikovDA.Sprint5.Task4.V30.Test", "Tyuiu.IvanchikovDA.Sprint5.Task4.V30.Test\Tyuiu.IvanchikovDA.Sprint5.Task4.V30.Test.csproj", "{5BFEB9DD-2A5D-4264-9A6E-9C81103D88F0}"
EndProject
Project("{2150E333-8FDC-42A3-9474-1A3956D46DE8}") = "Task5", "Task5", "{BD81E48D-ED03-4317-AECF-0A58DFF8A47C}"
EndProject
Project("{FAE04EC0-301F-11D3-BF4B-00C04F79EFBC}") = "Tyuiu.IvanchikovDA.Sprint5.Task5.V23", "Tyuiu.IvanchikovDA.Sprint5.Task5.V23\Tyuiu.IvanchikovDA.Sprint5.Task5.V23.csproj", "{685AA9F3-4DC4-4A10-8488-621AD0CFCD46}"
EndProject
Project("{FAE04EC0-301F-11D3-BF4B-00C04F79EFBC}") = "Tyuiu.IvanchikovDA.Sprint5.Task5.V23.Lib", "Tyuiu.IvanchikovDA.Sprint5.Task5.V23.Lib\Tyuiu.IvanchikovDA.Sprint5.Task5.V23.Lib.csproj", "{E70E8256-C6BE-4228-B6EC-7FC24F22B727}"
EndProject
Project("{FAE04EC0-301F-11D3-BF4B-00C04F79EFBC}") = "Tyuiu.IvanchikovDA.Sprint5.Task5.V23.Test", "Tyuiu.IvanchikovDA.Sprint5.Task5.V23.Test\Tyuiu.IvanchikovDA.Sprint5.Task5.V23.Test.csproj", "{855AFC3C-2569-40FB-ADD9-41DCA2398711}"
EndProject
Project("{2150E333-8FDC-42A3-9474-1A3956D46DE8}") = "Task6", "Task6", "{16EFEB06-7DE6-4F27-8946-6CEE11A8E5F0}"
EndProject
Project("{FAE04EC0-301F-11D3-BF4B-00C04F79EFBC}") = "Tyuiu.IvanchikovDA.Sprint5.Task6.V24", "Tyuiu.IvanchikovDA.Sprint5.Task6.V24\Tyuiu.IvanchikovDA.Sprint5.Task6.V24.csproj", "{92987536-69BE-4317-8023-4C81696C9BFF}"
EndProject
Project("{FAE04EC0-301F-11D3-BF4B-00C04F79EFBC}") = "Tyuiu.IvanchikovDA.Sprint5.Task6.V24.Lib", "Tyuiu.IvanchikovDA.Sprint5.Task6.V24.Lib\Tyuiu.IvanchikovDA.Sprint5.Task6.V24.Lib.csproj", "{A4429108-D047-40CF-922D-DBB236C3F772}"
EndProject
Project("{FAE04EC0-301F-11D3-BF4B-00C04F79EFBC}") = "Tyuiu.IvanchikovDA.Sprint5.Task6.V24.Test", "Tyuiu.IvanchikovDA.Sprint5.Task6.V24.Test\Tyuiu.IvanchikovDA.Sprint5.Task6.V24.Test.csproj", "{9A3CB2D5-ED26-4F61-BC16-9B40A8C5540F}"
EndProject
Project("{2150E333-8FDC-42A3-9474-1A3956D46DE8}") = "Task7", "Task7", "{9D703914-4D02-44F6-A8BF-E4BC80314461}"
EndProject
Project("{FAE04EC0-301F-11D3-BF4B-00C04F79EFBC}") = "Tyuiu.IvanchikovDA.Sprint5.Task7.V12", "Tyuiu.IvanchikovDA.Sprint5.Task7.V12\Tyuiu.IvanchikovDA.Sprint5.Task7.V12.csproj", "{91AB7186-1096-438C-BDA5-9B0388796412}"
EndProject
Project("{FAE04EC0-301F-11D3-BF4B-00C04F79EFBC}") = "Tyuiu.IvanchikovDA.Sprint5.Task7.V12.Lib", "Tyuiu.IvanchikovDA.Sprint5.Task7.V12.Lib\Tyuiu.IvanchikovDA.Sprint5.Task7.V12.Lib.csproj", "{9DCB96B7-6001-4119-86C1-09D821538415}"
EndProject
Project("{FAE04EC0-301F-11D3-BF4B-00C04F79EFBC}") = "Tyuiu.IvanchikovDA.Sprint5.Task7.V12.Test", "Tyuiu.IvanchikovDA.Sprint5.Task7.V12.Test\Tyuiu.IvanchikovDA.Sprint5.Task7.V12.Test.csproj", "{AA879714-A0F2-4232-8E1D-C762639D612B}"
EndProject
Global
	GlobalSection(SolutionConfigurationPlatforms) = preSolution
		Debug|Any CPU = Debug|Any CPU
		Release|Any CPU = Release|Any CPU
	EndGlobalSection
	GlobalSection(ProjectConfigurationPlatforms) = postSolution
		{1C1E67C9-A1FD-4E10-82B5-0B8E182F3A5C}.Debug|Any CPU.ActiveCfg = Debug|Any CPU
		{1C1E67C9-A1FD-4E10-82B5-0B8E182F3A5C}.Debug|Any CPU.Build.0 = Debug|Any CPU
		{1C1E67C9-A1FD-4E10-82B5-0B8E182F3A5C}.Release|Any CPU.ActiveCfg = Release|Any CPU
		{1C1E67C9-A1FD-4E10-82B5-0B8E182F3A5C}.Release|Any CPU.Build.0 = Release|Any CPU
		{85EE1DD7-3415-4F56-B35F-E1E0D82A92A8}.Debug|Any CPU.ActiveCfg = Debug|Any CPU
		{85EE1DD7-3415-4F56-B35F-E1E0D82A92A8}.Debug|Any CPU.Build.0 = Debug|Any CPU
		{85EE1DD7-3415-4F56-B35F-E1E0D82A92A8}.Release|Any CPU.ActiveCfg = Release|Any CPU
		{85EE1DD7-3415-4F56-B35F-E1E0D82A92A8}.Release|Any CPU.Build.0 = Release|Any CPU
		{4A1AEFA4-1E82-45C8-BF5B-726A74A640E8}.Debug|Any CPU.ActiveCfg = Debug|Any CPU
		{4A1AEFA4-1E82-45C8-BF5B-726A74A640E8}.Debug|Any CPU.Build.0 = Debug|Any CPU
		{4A1AEFA4-1E82-45C8-BF5B-726A74A640E8}.Release|Any CPU.ActiveCfg = Release|Any CPU
		{4A1AEFA4-1E82-45C8-BF5B-726A74A640E8}.Release|Any CPU.Build.0 = Release|Any CPU
		{936B7DC2-74EC-4024-AFCC-E9F674FEE95D}.Debug|Any CPU.ActiveCfg = Debug|Any CPU
		{936B7DC2-74EC-4024-AFCC-E9F674FEE95D}.Debug|Any CPU.Build.0 = Debug|Any CPU
		{936B7DC2-74EC-4024-AFCC-E9F674FEE95D}.Release|Any CPU.ActiveCfg = Release|Any CPU
		{936B7DC2-74EC-4024-AFCC-E9F674FEE95D}.Release|Any CPU.Build.0 = Release|Any CPU
		{7F3E36F0-112E-470D-AE5D-8C2EA6DE2368}.Debug|Any CPU.ActiveCfg = Debug|Any CPU
		{7F3E36F0-112E-470D-AE5D-8C2EA6DE2368}.Debug|Any CPU.Build.0 = Debug|Any CPU
		{7F3E36F0-112E-470D-AE5D-8C2EA6DE2368}.Release|Any CPU.ActiveCfg = Release|Any CPU
		{7F3E36F0-112E-470D-AE5D-8C2EA6DE2368}.Release|Any CPU.Build.0 = Release|Any CPU
		{991F81C2-9904-47F9-A722-0BDF44A610D9}.Debug|Any CPU.ActiveCfg = Debug|Any CPU
		{991F81C2-9904-47F9-A722-0BDF44A610D9}.Debug|Any CPU.Build.0 = Debug|Any CPU
		{991F81C2-9904-47F9-A722-0BDF44A610D9}.Release|Any CPU.ActiveCfg = Release|Any CPU
		{991F81C2-9904-47F9-A722-0BDF44A610D9}.Release|Any CPU.Build.0 = Release|Any CPU
		{CEC02E64-91AD-4261-96F2-A87D47768AED}.Debug|Any CPU.ActiveCfg = Debug|Any CPU
		{CEC02E64-91AD-4261-96F2-A87D47768AED}.Debug|Any CPU.Build.0 = Debug|Any CPU
		{CEC02E64-91AD-4261-96F2-A87D47768AED}.Release|Any CPU.ActiveCfg = Release|Any CPU
		{CEC02E64-91AD-4261-96F2-A87D47768AED}.Release|Any CPU.Build.0 = Release|Any CPU
		{64A09D88-C238-49D3-8665-3626E7BCCD61}.Debug|Any CPU.ActiveCfg = Debug|Any CPU
		{64A09D88-C238-49D3-8665-3626E7BCCD61}.Debug|Any CPU.Build.0 = Debug|Any CPU
		{64A09D88-C238-49D3-8665-3626E7BCCD61}.Release|Any CPU.ActiveCfg = Release|Any CPU
		{64A09D88-C238-49D3-8665-3626E7BCCD61}.Release|Any CPU.Build.0 = Release|Any CPU
		{64C22DA8-CEB8-4684-9B9F-EE5E148565FB}.Debug|Any CPU.ActiveCfg = Debug|Any CPU
		{64C22DA8-CEB8-4684-9B9F-EE5E148565FB}.Debug|Any CPU.Build.0 = Debug|Any CPU
		{64C22DA8-CEB8-4684-9B9F-EE5E148565FB}.Release|Any CPU.ActiveCfg = Release|Any CPU
		{64C22DA8-CEB8-4684-9B9F-EE5E148565FB}.Release|Any CPU.Build.0 = Release|Any CPU
		{12CD03B6-F5DE-406A-8BCE-49C091E564EB}.Debug|Any CPU.ActiveCfg = Debug|Any CPU
		{12CD03B6-F5DE-406A-8BCE-49C091E564EB}.Debug|Any CPU.Build.0 = Debug|Any CPU
		{12CD03B6-F5DE-406A-8BCE-49C091E564EB}.Release|Any CPU.ActiveCfg = Release|Any CPU
		{12CD03B6-F5DE-406A-8BCE-49C091E564EB}.Release|Any CPU.Build.0 = Release|Any CPU
		{96AA4043-CC42-42AF-B567-64BE3668D025}.Debug|Any CPU.ActiveCfg = Debug|Any CPU
		{96AA4043-CC42-42AF-B567-64BE3668D025}.Debug|Any CPU.Build.0 = Debug|Any CPU
		{96AA4043-CC42-42AF-B567-64BE3668D025}.Release|Any CPU.ActiveCfg = Release|Any CPU
		{96AA4043-CC42-42AF-B567-64BE3668D025}.Release|Any CPU.Build.0 = Release|Any CPU
		{316DBE67-96B2-4F80-AB8C-840CEE8CA501}.Debug|Any CPU.ActiveCfg = Debug|Any CPU
		{316DBE67-96B2-4F80-AB8C-840CEE8CA501}.Debug|Any CPU.Build.0 = Debug|Any CPU
		{316DBE67-96B2-4F80-AB8C-840CEE8CA501}.Release|Any CPU.ActiveCfg = Release|Any CPU
		{316DBE67-96B2-4F80-AB8C-840CEE8CA501}.Release|Any CPU.Build.0 = Release|Any CPU
		{48EF0BA2-9E5A-4A5D-A17D-A61E58CED62C}.Debug|Any CPU.ActiveCfg = Debug|Any CPU
		{48EF0BA2-9E5A-4A5D-A17D-A61E58CED62C}.Debug|Any CPU.Build.0 = Debug|Any CPU
		{48EF0BA2-9E5A-4A5D-A17D-A61E58CED62C}.Release|Any CPU.ActiveCfg = Release|Any CPU
		{48EF0BA2-9E5A-4A5D-A17D-A61E58CED62C}.Release|Any CPU.Build.0 = Release|Any CPU
		{2A6CE54B-ECB9-44B7-AA95-F0A252BCACE7}.Debug|Any CPU.ActiveCfg = Debug|Any CPU
		{2A6CE54B-ECB9-44B7-AA95-F0A252BCACE7}.Debug|Any CPU.Build.0 = Debug|Any CPU
		{2A6CE54B-ECB9-44B7-AA95-F0A252BCACE7}.Release|Any CPU.ActiveCfg = Release|Any CPU
		{2A6CE54B-ECB9-44B7-AA95-F0A252BCACE7}.Release|Any CPU.Build.0 = Release|Any CPU
		{5BFEB9DD-2A5D-4264-9A6E-9C81103D88F0}.Debug|Any CPU.ActiveCfg = Debug|Any CPU
		{5BFEB9DD-2A5D-4264-9A6E-9C81103D88F0}.Debug|Any CPU.Build.0 = Debug|Any CPU
		{5BFEB9DD-2A5D-4264-9A6E-9C81103D88F0}.Release|Any CPU.ActiveCfg = Release|Any CPU
		{5BFEB9DD-2A5D-4264-9A6E-9C81103D88F0}.Release|Any CPU.Build.0 = Release|Any CPU
		{685AA9F3-4DC4-4A10-8488-621AD0CFCD46}.Debug|Any CPU.ActiveCfg = Debug|Any CPU
		{685AA9F3-4DC4-4A10-8488-621AD0CFCD46}.Debug|Any CPU.Build.0 = Debug|Any CPU
		{685AA9F3-4DC4-4A10-8488-621AD0CFCD46}.Release|Any CPU.ActiveCfg = Release|Any CPU
		{685AA9F3-4DC4-4A10-8488-621AD0CFCD46}.Release|Any CPU.Build.0 = Release|Any CPU
		{E70E8256-C6BE-4228-B6EC-7FC24F22B727}.Debug|Any CPU.ActiveCfg = Debug|Any CPU
		{E70E8256-C6BE-4228-B6EC-7FC24F22B727}.Debug|Any CPU.Build.0 = Debug|Any CPU
		{E70E8256-C6BE-4228-B6EC-7FC24F22B727}.Release|Any CPU.ActiveCfg = Release|Any CPU
		{E70E8256-C6BE-4228-B6EC-7FC24F22B727}.Release|Any CPU.Build.0 = Release|Any CPU
		{855AFC3C-2569-40FB-ADD9-41DCA2398711}.Debug|Any CPU.ActiveCfg = Debug|Any CPU
		{855AFC3C-2569-40FB-ADD9-41DCA2398711}.Debug|Any CPU.Build.0 = Debug|Any CPU
		{855AFC3C-2569-40FB-ADD9-41DCA2398711}.Release|Any CPU.ActiveCfg = Release|Any CPU
		{855AFC3C-2569-40FB-ADD9-41DCA2398711}.Release|Any CPU.Build.0 = Release|Any CPU
		{92987536-69BE-4317-8023-4C81696C9BFF}.Debug|Any CPU.ActiveCfg = Debug|Any CPU
		{92987536-69BE-4317-8023-4C81696C9BFF}.Debug|Any CPU.Build.0 = Debug|Any CPU
		{92987536-69BE-4317-8023-4C81696C9BFF}.Release|Any CPU.ActiveCfg = Release|Any CPU
		{92987536-69BE-4317-8023-4C81696C9BFF}.Release|Any CPU.Build.0 = Release|Any CPU
		{A4429108-D047-40CF-922D-DBB236C3F772}.Debug|Any CPU.ActiveCfg = Debug|Any CPU
		{A4429108-D047-40CF-922D-DBB236C3F772}.Debug|Any CPU.Build.0 = Debug|Any CPU
		{A4429108-D047-40CF-922D-DBB236C3F772}.Release|Any CPU.ActiveCfg = Release|Any CPU
		{A4429108-D047-40CF-922D-DBB236C3F772}.Release|Any CPU.Build.0 = Release|Any CPU
		{9A3CB2D5-ED26-4F61-BC16-9B40A8C5540F}.Debug|Any CPU.ActiveCfg = Debug|Any CPU
		{9A3CB2D5-ED26-4F61-BC16-9B40A8C5540F}.Debug|Any CPU.Build.0 = Debug|Any CPU
		{9A3CB2D5-ED26-4F61-BC16-9B40A8C5540F}.Release|Any CPU.ActiveCfg = Release|Any CPU
		{9A3CB2D5-ED26-4F61-BC16-9B40A8C5540F}.Release|Any CPU.Build.0 = Release|Any CPU
		{91AB7186-1096-438C-BDA5-9B0388796412}.Debug|Any CPU.ActiveCfg = Debug|Any CPU
		{91AB7186-1096-438C-BDA5-9B0388796412}.Debug|Any CPU.Build.0 = Debug|Any CPU
		{91AB7186-1096-438C-BDA5-9B0388796412}.Release|Any CPU.ActiveCfg = Release|Any CPU
		{91AB7186-1096-438C-BDA5-9B0388796412}.Release|Any CPU.Build.0 = Release|Any CPU
		{9DCB96B7-6001-4119-86C1-09D821538415}.Debug|Any CPU.ActiveCfg = Debug|Any CPU
		{9DCB96B7-6001-4119-86C1-09D821538415}.Debug|Any CPU.Build.0 = Debug|Any CPU
		{9DCB96B7-6001-4119-86C1-09D821538415}.Release|Any CPU.ActiveCfg = Release|Any CPU
		{9DCB96B7-6001-4119-86C1-09D821538415}.Release|Any CPU.Build.0 = Release|Any CPU
		{AA879714-A0F2-4232-8E1D-C762639D612B}.Debug|Any CPU.ActiveCfg = Debug|Any CPU
		{AA879714-A0F2-4232-8E1D-C762639D612B}.Debug|Any CPU.Build.0 = Debug|Any CPU
		{AA879714-A0F2-4232-8E1D-C762639D612B}.Release|Any CPU.ActiveCfg = Release|Any CPU
		{AA879714-A0F2-4232-8E1D-C762639D612B}.Release|Any CPU.Build.0 = Release|Any CPU
	EndGlobalSection
	GlobalSection(SolutionProperties) = preSolution
		HideSolutionNode = FALSE
	EndGlobalSection
	GlobalSection(NestedProjects) = preSolution
		{1C1E67C9-A1FD-4E10-82B5-0B8E182F3A5C} = {821B6A65-BFA8-48D3-9991-2362A8CEF3CA}
		{85EE1DD7-3415-4F56-B35F-E1E0D82A92A8} = {821B6A65-BFA8-48D3-9991-2362A8CEF3CA}
		{4A1AEFA4-1E82-45C8-BF5B-726A74A640E8} = {821B6A65-BFA8-48D3-9991-2362A8CEF3CA}
		{936B7DC2-74EC-4024-AFCC-E9F674FEE95D} = {8C7648D8-7F44-4895-953A-CA8DC5F68D71}
		{7F3E36F0-112E-470D-AE5D-8C2EA6DE2368} = {8C7648D8-7F44-4895-953A-CA8DC5F68D71}
		{991F81C2-9904-47F9-A722-0BDF44A610D9} = {8C7648D8-7F44-4895-953A-CA8DC5F68D71}
		{CEC02E64-91AD-4261-96F2-A87D47768AED} = {5D38B9A8-5925-41AB-B45B-4473F5B0D43F}
		{64A09D88-C238-49D3-8665-3626E7BCCD61} = {5D38B9A8-5925-41AB-B45B-4473F5B0D43F}
		{64C22DA8-CEB8-4684-9B9F-EE5E148565FB} = {5D38B9A8-5925-41AB-B45B-4473F5B0D43F}
		{12CD03B6-F5DE-406A-8BCE-49C091E564EB} = {50ABABF2-26CC-4F69-A2B4-BEAA7BE2BAB8}
		{96AA4043-CC42-42AF-B567-64BE3668D025} = {50ABABF2-26CC-4F69-A2B4-BEAA7BE2BAB8}
		{316DBE67-96B2-4F80-AB8C-840CEE8CA501} = {50ABABF2-26CC-4F69-A2B4-BEAA7BE2BAB8}
		{48EF0BA2-9E5A-4A5D-A17D-A61E58CED62C} = {99A2F585-0728-48AA-A18A-E833E899DA9F}
		{2A6CE54B-ECB9-44B7-AA95-F0A252BCACE7} = {99A2F585-0728-48AA-A18A-E833E899DA9F}
		{5BFEB9DD-2A5D-4264-9A6E-9C81103D88F0} = {99A2F585-0728-48AA-A18A-E833E899DA9F}
		{685AA9F3-4DC4-4A10-8488-621AD0CFCD46} = {BD81E48D-ED03-4317-AECF-0A58DFF8A47C}
		{E70E8256-C6BE-4228-B6EC-7FC24F22B727} = {BD81E48D-ED03-4317-AECF-0A58DFF8A47C}
		{855AFC3C-2569-40FB-ADD9-41DCA2398711} = {BD81E48D-ED03-4317-AECF-0A58DFF8A47C}
		{92987536-69BE-4317-8023-4C81696C9BFF} = {16EFEB06-7DE6-4F27-8946-6CEE11A8E5F0}
		{A4429108-D047-40CF-922D-DBB236C3F772} = {16EFEB06-7DE6-4F27-8946-6CEE11A8E5F0}
		{9A3CB2D5-ED26-4F61-BC16-9B40A8C5540F} = {16EFEB06-7DE6-4F27-8946-6CEE11A8E5F0}
		{91AB7186-1096-438C-BDA5-9B0388796412} = {9D703914-4D02-44F6-A8BF-E4BC80314461}
		{9DCB96B7-6001-4119-86C1-09D821538415} = {9D703914-4D02-44F6-A8BF-E4BC80314461}
		{AA879714-A0F2-4232-8E1D-C762639D612B} = {9D703914-4D02-44F6-A8BF-E4BC80314461}
	EndGlobalSection
	GlobalSection(ExtensibilityGlobals) = postSolution
		SolutionGuid = {FB69C36A-2108-4666-B115-82E217E63A6A}
	EndGlobalSection
EndGlobal
